
Microsoft Visual Studio Solution File, Format Version 12.00
# Visual Studio Version 16
VisualStudioVersion = 16.0.31410.357
MinimumVisualStudioVersion = 10.0.40219.1
Project("{FAE04EC0-301F-11D3-BF4B-00C04F79EFBC}") = "WebApplication7", "WebApplication7\WebApplication7.csproj", "{7AF56940-70A9-458D-B090-D74965802CD9}"
EndProject
Global
	GlobalSection(SolutionConfigurationPlatforms) = preSolution
		Debug|Any CPU = Debug|Any CPU
		Release|Any CPU = Release|Any CPU
	EndGlobalSection
	GlobalSection(ProjectConfigurationPlatforms) = postSolution
		{7AF56940-70A9-458D-B090-D74965802CD9}.Debug|Any CPU.ActiveCfg = Debug|Any CPU
		{7AF56940-70A9-458D-B090-D74965802CD9}.Debug|Any CPU.Build.0 = Debug|Any CPU
		{7AF56940-70A9-458D-B090-D74965802CD9}.Release|Any CPU.ActiveCfg = Release|Any CPU
		{7AF56940-70A9-458D-B090-D74965802CD9}.Release|Any CPU.Build.0 = Release|Any CPU
	EndGlobalSection
	GlobalSection(SolutionProperties) = preSolution
		HideSolutionNode = FALSE
	EndGlobalSection
	GlobalSection(ExtensibilityGlobals) = postSolution
		SolutionGuid = {CCA8224D-2FEF-4509-906B-5659DDBFF7E2}
	EndGlobalSection
EndGlobal
